// !$*UTF8*$!
{
	archiveVersion = 1;
	classes = {
	};
	objectVersion = 77;
	objects = {

/* Begin PBXBuildFile section */
		68CA3DEF2DFED48C00EE8B6B /* README.md in Resources */ = {isa = PBXBuildFile; fileRef = 68CA3DEE2DFED48C00EE8B6B /* README.md */; };
/* End PBXBuildFile section */

/* Begin PBXContainerItemProxy section */
		684A70782DD3970D00DD37FE /* PBXContainerItemProxy */ = {
			isa = PBXContainerItemProxy;
			containerPortal = 686E550E2D881F6B000CDB67 /* Project object */;
			proxyType = 1;
			remoteGlobalIDString = 686E55152D881F6B000CDB67;
			remoteInfo = Weather;
		};
/* End PBXContainerItemProxy section */

/* Begin PBXFileReference section */
		684A70742DD3970D00DD37FE /* WeatherTests.xctest */ = {isa = PBXFileReference; explicitFileType = wrapper.cfbundle; includeInIndex = 0; path = WeatherTests.xctest; sourceTree = BUILT_PRODUCTS_DIR; };
		686E55162D881F6B000CDB67 /* Weather.app */ = {isa = PBXFileReference; explicitFileType = wrapper.application; includeInIndex = 0; path = Weather.app; sourceTree = BUILT_PRODUCTS_DIR; };
		68CA3DEE2DFED48C00EE8B6B /* README.md */ = {isa = PBXFileReference; lastKnownFileType = net.daringfireball.markdown; path = README.md; sourceTree = "<group>"; };
		68CA3DF12DFED85F00EE8B6B /* Main (dark theme).png */ = {isa = PBXFileReference; lastKnownFileType = image.png; path = "Main (dark theme).png"; sourceTree = "<group>"; };
		68CA3DF22DFED87C00EE8B6B /* Main (light theme).png */ = {isa = PBXFileReference; lastKnownFileType = image.png; path = "Main (light theme).png"; sourceTree = "<group>"; };
		68CA3DF32DFED88E00EE8B6B /* List of favorites (dark theme).png */ = {isa = PBXFileReference; lastKnownFileType = image.png; path = "List of favorites (dark theme).png"; sourceTree = "<group>"; };
		68CA3DF42DFED89800EE8B6B /* List of favorites (light theme).png */ = {isa = PBXFileReference; lastKnownFileType = image.png; path = "List of favorites (light theme).png"; sourceTree = "<group>"; };
		68CA3DF52DFED8A700EE8B6B /* City (rainy day backround).png */ = {isa = PBXFileReference; lastKnownFileType = image.png; path = "City (rainy day backround).png"; sourceTree = "<group>"; };
		68CA3DF62DFED8B000EE8B6B /* City (clear day background).png */ = {isa = PBXFileReference; lastKnownFileType = image.png; path = "City (clear day background).png"; sourceTree = "<group>"; };
		68CA3DF72DFED8BC00EE8B6B /* City (rainy night background).png */ = {isa = PBXFileReference; lastKnownFileType = image.png; path = "City (rainy night background).png"; sourceTree = "<group>"; };
		68CA3DF82DFED8C900EE8B6B /* City (clear night background).png */ = {isa = PBXFileReference; lastKnownFileType = image.png; path = "City (clear night background).png"; sourceTree = "<group>"; };
		68CA3DF92DFED8D800EE8B6B /* City name is not correct case.png */ = {isa = PBXFileReference; lastKnownFileType = image.png; path = "City name is not correct case.png"; sourceTree = "<group>"; };
		68CA3DFA2DFED8E300EE8B6B /* Internet connection issue case.png */ = {isa = PBXFileReference; lastKnownFileType = image.png; path = "Internet connection issue case.png"; sourceTree = "<group>"; };
		68CA3DFB2DFED8F600EE8B6B /* Deleting the city from the list.png */ = {isa = PBXFileReference; lastKnownFileType = image.png; path = "Deleting the city from the list.png"; sourceTree = "<group>"; };
		68CA3DFC2DFED8FF00EE8B6B /* Already in favorites notification.png */ = {isa = PBXFileReference; lastKnownFileType = image.png; path = "Already in favorites notification.png"; sourceTree = "<group>"; };
/* End PBXFileReference section */

/* Begin PBXFileSystemSynchronizedBuildFileExceptionSet section */
		686E55282D881F6D000CDB67 /* Exceptions for "Weather" folder in "Weather" target */ = {
			isa = PBXFileSystemSynchronizedBuildFileExceptionSet;
			membershipExceptions = (
				Info.plist,
			);
			target = 686E55152D881F6B000CDB67 /* Weather */;
		};
/* End PBXFileSystemSynchronizedBuildFileExceptionSet section */

/* Begin PBXFileSystemSynchronizedRootGroup section */
		684A70752DD3970D00DD37FE /* WeatherTests */ = {
			isa = PBXFileSystemSynchronizedRootGroup;
			path = WeatherTests;
			sourceTree = "<group>";
		};
		686E55182D881F6B000CDB67 /* Weather */ = {
			isa = PBXFileSystemSynchronizedRootGroup;
			exceptions = (
				686E55282D881F6D000CDB67 /* Exceptions for "Weather" folder in "Weather" target */,
			);
			path = Weather;
			sourceTree = "<group>";
		};
/* End PBXFileSystemSynchronizedRootGroup section */

/* Begin PBXFrameworksBuildPhase section */
		684A70712DD3970D00DD37FE /* Frameworks */ = {
			isa = PBXFrameworksBuildPhase;
			buildActionMask = 2147483647;
			files = (
			);
			runOnlyForDeploymentPostprocessing = 0;
		};
		686E55132D881F6B000CDB67 /* Frameworks */ = {
			isa = PBXFrameworksBuildPhase;
			buildActionMask = 2147483647;
			files = (
			);
			runOnlyForDeploymentPostprocessing = 0;
		};
/* End PBXFrameworksBuildPhase section */

/* Begin PBXGroup section */
		686E550D2D881F6B000CDB67 = {
			isa = PBXGroup;
			children = (
				68CA3DF02DFED83300EE8B6B /* Screenshots */,
				68CA3DEE2DFED48C00EE8B6B /* README.md */,
				686E55182D881F6B000CDB67 /* Weather */,
				684A70752DD3970D00DD37FE /* WeatherTests */,
				686E55172D881F6B000CDB67 /* Products */,
			);
			sourceTree = "<group>";
		};
		686E55172D881F6B000CDB67 /* Products */ = {
			isa = PBXGroup;
			children = (
				686E55162D881F6B000CDB67 /* Weather.app */,
				684A70742DD3970D00DD37FE /* WeatherTests.xctest */,
			);
			name = Products;
			sourceTree = "<group>";
		};
		68CA3DF02DFED83300EE8B6B /* Screenshots */ = {
			isa = PBXGroup;
			children = (
				68CA3DF12DFED85F00EE8B6B /* Main (dark theme).png */,
				68CA3DF22DFED87C00EE8B6B /* Main (light theme).png */,
				68CA3DF32DFED88E00EE8B6B /* List of favorites (dark theme).png */,
				68CA3DF42DFED89800EE8B6B /* List of favorites (light theme).png */,
				68CA3DF52DFED8A700EE8B6B /* City (rainy day backround).png */,
				68CA3DF62DFED8B000EE8B6B /* City (clear day background).png */,
				68CA3DF72DFED8BC00EE8B6B /* City (rainy night background).png */,
				68CA3DF82DFED8C900EE8B6B /* City (clear night background).png */,
				68CA3DF92DFED8D800EE8B6B /* City name is not correct case.png */,
				68CA3DFA2DFED8E300EE8B6B /* Internet connection issue case.png */,
				68CA3DFB2DFED8F600EE8B6B /* Deleting the city from the list.png */,
				68CA3DFC2DFED8FF00EE8B6B /* Already in favorites notification.png */,
			);
			path = Screenshots;
			sourceTree = "<group>";
		};
/* End PBXGroup section */

/* Begin PBXNativeTarget section */
		684A70732DD3970D00DD37FE /* WeatherTests */ = {
			isa = PBXNativeTarget;
			buildConfigurationList = 684A707C2DD3970D00DD37FE /* Build configuration list for PBXNativeTarget "WeatherTests" */;
			buildPhases = (
				684A70702DD3970D00DD37FE /* Sources */,
				684A70712DD3970D00DD37FE /* Frameworks */,
				684A70722DD3970D00DD37FE /* Resources */,
			);
			buildRules = (
			);
			dependencies = (
				684A70792DD3970D00DD37FE /* PBXTargetDependency */,
			);
			fileSystemSynchronizedGroups = (
				684A70752DD3970D00DD37FE /* WeatherTests */,
			);
			name = WeatherTests;
			packageProductDependencies = (
			);
			productName = WeatherTests;
			productReference = 684A70742DD3970D00DD37FE /* WeatherTests.xctest */;
			productType = "com.apple.product-type.bundle.unit-test";
		};
		686E55152D881F6B000CDB67 /* Weather */ = {
			isa = PBXNativeTarget;
			buildConfigurationList = 686E55292D881F6D000CDB67 /* Build configuration list for PBXNativeTarget "Weather" */;
			buildPhases = (
				686E55122D881F6B000CDB67 /* Sources */,
				686E55132D881F6B000CDB67 /* Frameworks */,
				686E55142D881F6B000CDB67 /* Resources */,
			);
			buildRules = (
			);
			dependencies = (
			);
			fileSystemSynchronizedGroups = (
				686E55182D881F6B000CDB67 /* Weather */,
			);
			name = Weather;
			packageProductDependencies = (
			);
			productName = Weather;
			productReference = 686E55162D881F6B000CDB67 /* Weather.app */;
			productType = "com.apple.product-type.application";
		};
/* End PBXNativeTarget section */

/* Begin PBXProject section */
		686E550E2D881F6B000CDB67 /* Project object */ = {
			isa = PBXProject;
			attributes = {
				BuildIndependentTargetsInParallel = 1;
				LastSwiftUpdateCheck = 1600;
				LastUpgradeCheck = 1600;
				TargetAttributes = {
					684A70732DD3970D00DD37FE = {
						CreatedOnToolsVersion = 16.0;
						TestTargetID = 686E55152D881F6B000CDB67;
					};
					686E55152D881F6B000CDB67 = {
						CreatedOnToolsVersion = 16.0;
					};
				};
			};
			buildConfigurationList = 686E55112D881F6B000CDB67 /* Build configuration list for PBXProject "Weather" */;
			developmentRegion = en;
			hasScannedForEncodings = 0;
			knownRegions = (
				en,
				Base,
			);
			mainGroup = 686E550D2D881F6B000CDB67;
			minimizedProjectReferenceProxies = 1;
			preferredProjectObjectVersion = 77;
			productRefGroup = 686E55172D881F6B000CDB67 /* Products */;
			projectDirPath = "";
			projectRoot = "";
			targets = (
				686E55152D881F6B000CDB67 /* Weather */,
				684A70732DD3970D00DD37FE /* WeatherTests */,
			);
		};
/* End PBXProject section */

/* Begin PBXResourcesBuildPhase section */
		684A70722DD3970D00DD37FE /* Resources */ = {
			isa = PBXResourcesBuildPhase;
			buildActionMask = 2147483647;
			files = (
			);
			runOnlyForDeploymentPostprocessing = 0;
		};
		686E55142D881F6B000CDB67 /* Resources */ = {
			isa = PBXResourcesBuildPhase;
			buildActionMask = 2147483647;
			files = (
				68CA3DEF2DFED48C00EE8B6B /* README.md in Resources */,
			);
			runOnlyForDeploymentPostprocessing = 0;
		};
/* End PBXResourcesBuildPhase section */

/* Begin PBXSourcesBuildPhase section */
		684A70702DD3970D00DD37FE /* Sources */ = {
			isa = PBXSourcesBuildPhase;
			buildActionMask = 2147483647;
			files = (
			);
			runOnlyForDeploymentPostprocessing = 0;
		};
		686E55122D881F6B000CDB67 /* Sources */ = {
			isa = PBXSourcesBuildPhase;
			buildActionMask = 2147483647;
			files = (
			);
			runOnlyForDeploymentPostprocessing = 0;
		};
/* End PBXSourcesBuildPhase section */

/* Begin PBXTargetDependency section */
		684A70792DD3970D00DD37FE /* PBXTargetDependency */ = {
			isa = PBXTargetDependency;
			target = 686E55152D881F6B000CDB67 /* Weather */;
			targetProxy = 684A70782DD3970D00DD37FE /* PBXContainerItemProxy */;
		};
/* End PBXTargetDependency section */

/* Begin XCBuildConfiguration section */
		684A707A2DD3970D00DD37FE /* Debug */ = {
			isa = XCBuildConfiguration;
			buildSettings = {
				BUNDLE_LOADER = "$(TEST_HOST)";
				CODE_SIGN_STYLE = Automatic;
				CURRENT_PROJECT_VERSION = 1;
				GENERATE_INFOPLIST_FILE = YES;
				MARKETING_VERSION = 1.0;
				PRODUCT_BUNDLE_IDENTIFIER = DK.WeatherTests;
				PRODUCT_NAME = "$(TARGET_NAME)";
				SWIFT_EMIT_LOC_STRINGS = NO;
				SWIFT_VERSION = 5.0;
				TARGETED_DEVICE_FAMILY = "1,2";
				TEST_HOST = "$(BUILT_PRODUCTS_DIR)/Weather.app/$(BUNDLE_EXECUTABLE_FOLDER_PATH)/Weather";
			};
			name = Debug;
		};
		684A707B2DD3970D00DD37FE /* Release */ = {
			isa = XCBuildConfiguration;
			buildSettings = {
				BUNDLE_LOADER = "$(TEST_HOST)";
				CODE_SIGN_STYLE = Automatic;
				CURRENT_PROJECT_VERSION = 1;
				GENERATE_INFOPLIST_FILE = YES;
				MARKETING_VERSION = 1.0;
				PRODUCT_BUNDLE_IDENTIFIER = DK.WeatherTests;
				PRODUCT_NAME = "$(TARGET_NAME)";
				SWIFT_EMIT_LOC_STRINGS = NO;
				SWIFT_VERSION = 5.0;
				TARGETED_DEVICE_FAMILY = "1,2";
				TEST_HOST = "$(BUILT_PRODUCTS_DIR)/Weather.app/$(BUNDLE_EXECUTABLE_FOLDER_PATH)/Weather";
			};
			name = Release;
		};
		686E552A2D881F6D000CDB67 /* Debug */ = {
			isa = XCBuildConfiguration;
			buildSettings = {
				ASSETCATALOG_COMPILER_APPICON_NAME = AppIcon;
				ASSETCATALOG_COMPILER_GLOBAL_ACCENT_COLOR_NAME = AccentColor;
				CODE_SIGN_STYLE = Automatic;
				CURRENT_PROJECT_VERSION = 1;
				GENERATE_INFOPLIST_FILE = YES;
				INFOPLIST_FILE = Weather/Info.plist;
				INFOPLIST_KEY_UIApplicationSupportsIndirectInputEvents = YES;
				INFOPLIST_KEY_UILaunchStoryboardName = LaunchScreen;
				INFOPLIST_KEY_UISupportedInterfaceOrientations = UIInterfaceOrientationPortrait;
				LD_RUNPATH_SEARCH_PATHS = (
					"$(inherited)",
					"@executable_path/Frameworks",
				);
				MARKETING_VERSION = 1.0;
				PRODUCT_BUNDLE_IDENTIFIER = DK.Weather;
				PRODUCT_NAME = "$(TARGET_NAME)";
				SUPPORTED_PLATFORMS = "iphoneos iphonesimulator";
				SUPPORTS_MACCATALYST = NO;
				SUPPORTS_MAC_DESIGNED_FOR_IPHONE_IPAD = NO;
				SUPPORTS_XR_DESIGNED_FOR_IPHONE_IPAD = NO;
				SWIFT_EMIT_LOC_STRINGS = YES;
				SWIFT_VERSION = 5.0;
				TARGETED_DEVICE_FAMILY = 1;
			};
			name = Debug;
		};
		686E552B2D881F6D000CDB67 /* Release */ = {
			isa = XCBuildConfiguration;
			buildSettings = {
				ASSETCATALOG_COMPILER_APPICON_NAME = AppIcon;
				ASSETCATALOG_COMPILER_GLOBAL_ACCENT_COLOR_NAME = AccentColor;
				CODE_SIGN_STYLE = Automatic;
				CURRENT_PROJECT_VERSION = 1;
				GENERATE_INFOPLIST_FILE = YES;
				INFOPLIST_FILE = Weather/Info.plist;
				INFOPLIST_KEY_UIApplicationSupportsIndirectInputEvents = YES;
				INFOPLIST_KEY_UILaunchStoryboardName = LaunchScreen;
				INFOPLIST_KEY_UISupportedInterfaceOrientations = UIInterfaceOrientationPortrait;
				LD_RUNPATH_SEARCH_PATHS = (
					"$(inherited)",
					"@executable_path/Frameworks",
				);
				MARKETING_VERSION = 1.0;
				PRODUCT_BUNDLE_IDENTIFIER = DK.Weather;
				PRODUCT_NAME = "$(TARGET_NAME)";
				SUPPORTED_PLATFORMS = "iphoneos iphonesimulator";
				SUPPORTS_MACCATALYST = NO;
				SUPPORTS_MAC_DESIGNED_FOR_IPHONE_IPAD = NO;
				SUPPORTS_XR_DESIGNED_FOR_IPHONE_IPAD = NO;
				SWIFT_EMIT_LOC_STRINGS = YES;
				SWIFT_VERSION = 5.0;
				TARGETED_DEVICE_FAMILY = 1;
			};
			name = Release;
		};
		686E552C2D881F6D000CDB67 /* Debug */ = {
			isa = XCBuildConfiguration;
			buildSettings = {
				ALWAYS_SEARCH_USER_PATHS = NO;
				ASSETCATALOG_COMPILER_GENERATE_SWIFT_ASSET_SYMBOL_EXTENSIONS = YES;
				CLANG_ANALYZER_NONNULL = YES;
				CLANG_ANALYZER_NUMBER_OBJECT_CONVERSION = YES_AGGRESSIVE;
				CLANG_CXX_LANGUAGE_STANDARD = "gnu++20";
				CLANG_ENABLE_MODULES = YES;
				CLANG_ENABLE_OBJC_ARC = YES;
				CLANG_ENABLE_OBJC_WEAK = YES;
				CLANG_WARN_BLOCK_CAPTURE_AUTORELEASING = YES;
				CLANG_WARN_BOOL_CONVERSION = YES;
				CLANG_WARN_COMMA = YES;
				CLANG_WARN_CONSTANT_CONVERSION = YES;
				CLANG_WARN_DEPRECATED_OBJC_IMPLEMENTATIONS = YES;
				CLANG_WARN_DIRECT_OBJC_ISA_USAGE = YES_ERROR;
				CLANG_WARN_DOCUMENTATION_COMMENTS = YES;
				CLANG_WARN_EMPTY_BODY = YES;
				CLANG_WARN_ENUM_CONVERSION = YES;
				CLANG_WARN_INFINITE_RECURSION = YES;
				CLANG_WARN_INT_CONVERSION = YES;
				CLANG_WARN_NON_LITERAL_NULL_CONVERSION = YES;
				CLANG_WARN_OBJC_IMPLICIT_RETAIN_SELF = YES;
				CLANG_WARN_OBJC_LITERAL_CONVERSION = YES;
				CLANG_WARN_OBJC_ROOT_CLASS = YES_ERROR;
				CLANG_WARN_QUOTED_INCLUDE_IN_FRAMEWORK_HEADER = YES;
				CLANG_WARN_RANGE_LOOP_ANALYSIS = YES;
				CLANG_WARN_STRICT_PROTOTYPES = YES;
				CLANG_WARN_SUSPICIOUS_MOVE = YES;
				CLANG_WARN_UNGUARDED_AVAILABILITY = YES_AGGRESSIVE;
				CLANG_WARN_UNREACHABLE_CODE = YES;
				CLANG_WARN__DUPLICATE_METHOD_MATCH = YES;
				COPY_PHASE_STRIP = NO;
				DEBUG_INFORMATION_FORMAT = dwarf;
				ENABLE_STRICT_OBJC_MSGSEND = YES;
				ENABLE_TESTABILITY = YES;
				ENABLE_USER_SCRIPT_SANDBOXING = YES;
				GCC_C_LANGUAGE_STANDARD = gnu17;
				GCC_DYNAMIC_NO_PIC = NO;
				GCC_NO_COMMON_BLOCKS = YES;
				GCC_OPTIMIZATION_LEVEL = 0;
				GCC_PREPROCESSOR_DEFINITIONS = (
					"DEBUG=1",
					"$(inherited)",
				);
				GCC_WARN_64_TO_32_BIT_CONVERSION = YES;
				GCC_WARN_ABOUT_RETURN_TYPE = YES_ERROR;
				GCC_WARN_UNDECLARED_SELECTOR = YES;
				GCC_WARN_UNINITIALIZED_AUTOS = YES_AGGRESSIVE;
				GCC_WARN_UNUSED_FUNCTION = YES;
				GCC_WARN_UNUSED_VARIABLE = YES;
				IPHONEOS_DEPLOYMENT_TARGET = 18.0;
				LOCALIZATION_PREFERS_STRING_CATALOGS = YES;
				MTL_ENABLE_DEBUG_INFO = INCLUDE_SOURCE;
				MTL_FAST_MATH = YES;
				ONLY_ACTIVE_ARCH = YES;
				SDKROOT = iphoneos;
				SWIFT_ACTIVE_COMPILATION_CONDITIONS = "DEBUG $(inherited)";
				SWIFT_OPTIMIZATION_LEVEL = "-Onone";
			};
			name = Debug;
		};
		686E552D2D881F6D000CDB67 /* Release */ = {
			isa = XCBuildConfiguration;
			buildSettings = {
				ALWAYS_SEARCH_USER_PATHS = NO;
				ASSETCATALOG_COMPILER_GENERATE_SWIFT_ASSET_SYMBOL_EXTENSIONS = YES;
				CLANG_ANALYZER_NONNULL = YES;
				CLANG_ANALYZER_NUMBER_OBJECT_CONVERSION = YES_AGGRESSIVE;
				CLANG_CXX_LANGUAGE_STANDARD = "gnu++20";
				CLANG_ENABLE_MODULES = YES;
				CLANG_ENABLE_OBJC_ARC = YES;
				CLANG_ENABLE_OBJC_WEAK = YES;
				CLANG_WARN_BLOCK_CAPTURE_AUTORELEASING = YES;
				CLANG_WARN_BOOL_CONVERSION = YES;
				CLANG_WARN_COMMA = YES;
				CLANG_WARN_CONSTANT_CONVERSION = YES;
				CLANG_WARN_DEPRECATED_OBJC_IMPLEMENTATIONS = YES;
				CLANG_WARN_DIRECT_OBJC_ISA_USAGE = YES_ERROR;
				CLANG_WARN_DOCUMENTATION_COMMENTS = YES;
				CLANG_WARN_EMPTY_BODY = YES;
				CLANG_WARN_ENUM_CONVERSION = YES;
				CLANG_WARN_INFINITE_RECURSION = YES;
				CLANG_WARN_INT_CONVERSION = YES;
				CLANG_WARN_NON_LITERAL_NULL_CONVERSION = YES;
				CLANG_WARN_OBJC_IMPLICIT_RETAIN_SELF = YES;
				CLANG_WARN_OBJC_LITERAL_CONVERSION = YES;
				CLANG_WARN_OBJC_ROOT_CLASS = YES_ERROR;
				CLANG_WARN_QUOTED_INCLUDE_IN_FRAMEWORK_HEADER = YES;
				CLANG_WARN_RANGE_LOOP_ANALYSIS = YES;
				CLANG_WARN_STRICT_PROTOTYPES = YES;
				CLANG_WARN_SUSPICIOUS_MOVE = YES;
				CLANG_WARN_UNGUARDED_AVAILABILITY = YES_AGGRESSIVE;
				CLANG_WARN_UNREACHABLE_CODE = YES;
				CLANG_WARN__DUPLICATE_METHOD_MATCH = YES;
				COPY_PHASE_STRIP = NO;
				DEBUG_INFORMATION_FORMAT = "dwarf-with-dsym";
				ENABLE_NS_ASSERTIONS = NO;
				ENABLE_STRICT_OBJC_MSGSEND = YES;
				ENABLE_USER_SCRIPT_SANDBOXING = YES;
				GCC_C_LANGUAGE_STANDARD = gnu17;
				GCC_NO_COMMON_BLOCKS = YES;
				GCC_WARN_64_TO_32_BIT_CONVERSION = YES;
				GCC_WARN_ABOUT_RETURN_TYPE = YES_ERROR;
				GCC_WARN_UNDECLARED_SELECTOR = YES;
				GCC_WARN_UNINITIALIZED_AUTOS = YES_AGGRESSIVE;
				GCC_WARN_UNUSED_FUNCTION = YES;
				GCC_WARN_UNUSED_VARIABLE = YES;
				IPHONEOS_DEPLOYMENT_TARGET = 18.0;
				LOCALIZATION_PREFERS_STRING_CATALOGS = YES;
				MTL_ENABLE_DEBUG_INFO = NO;
				MTL_FAST_MATH = YES;
				SDKROOT = iphoneos;
				SWIFT_COMPILATION_MODE = wholemodule;
				VALIDATE_PRODUCT = YES;
			};
			name = Release;
		};
/* End XCBuildConfiguration section */

/* Begin XCConfigurationList section */
		684A707C2DD3970D00DD37FE /* Build configuration list for PBXNativeTarget "WeatherTests" */ = {
			isa = XCConfigurationList;
			buildConfigurations = (
				684A707A2DD3970D00DD37FE /* Debug */,
				684A707B2DD3970D00DD37FE /* Release */,
			);
			defaultConfigurationIsVisible = 0;
			defaultConfigurationName = Release;
		};
		686E55112D881F6B000CDB67 /* Build configuration list for PBXProject "Weather" */ = {
			isa = XCConfigurationList;
			buildConfigurations = (
				686E552C2D881F6D000CDB67 /* Debug */,
				686E552D2D881F6D000CDB67 /* Release */,
			);
			defaultConfigurationIsVisible = 0;
			defaultConfigurationName = Release;
		};
		686E55292D881F6D000CDB67 /* Build configuration list for PBXNativeTarget "Weather" */ = {
			isa = XCConfigurationList;
			buildConfigurations = (
				686E552A2D881F6D000CDB67 /* Debug */,
				686E552B2D881F6D000CDB67 /* Release */,
			);
			defaultConfigurationIsVisible = 0;
			defaultConfigurationName = Release;
		};
/* End XCConfigurationList section */
	};
	rootObject = 686E550E2D881F6B000CDB67 /* Project object */;
}
